<?xml version="1.0" encoding="utf-8"?>
<Project ToolsVersion="4.0" xmlns="http://schemas.microsoft.com/developer/msbuild/2003">
  <ItemGroup>
    <Filter Include="Source Files">
      <UniqueIdentifier>{4FC737F1-C7A5-4376-A066-2A32D752A2FF}</UniqueIdentifier>
      <Extensions>cpp;c;cc;cxx;c++;cppm;ixx;def;odl;idl;hpj;bat;asm;asmx</Extensions>
    </Filter>
    <Filter Include="Header Files">
      <UniqueIdentifier>{93995380-89BD-4b04-88EB-625FBE52EBFB}</UniqueIdentifier>
      <Extensions>h;hh;hpp;hxx;h++;hm;inl;inc;ipp;xsd</Extensions>
    </Filter>
    <Filter Include="Resource Files">
      <UniqueIdentifier>{67DA6AB6-F800-4c08-8B7A-83BB121AAD01}</UniqueIdentifier>
      <Extensions>rc;ico;cur;bmp;dlg;rc2;rct;bin;rgs;gif;jpg;jpeg;jpe;resx;tiff;tif;png;wav;mfcribbon-ms</Extensions>
    </Filter>
    <Filter Include="Tower Defence">
      <UniqueIdentifier>{62f3db49-e692-4bae-9d1b-c6910e966ea0}</UniqueIdentifier>
    </Filter>
    <Filter Include="Bullet Hell">
      <UniqueIdentifier>{6b201399-890a-4660-90f4-bc19139606a5}</UniqueIdentifier>
    </Filter>
  </ItemGroup>
  <ItemGroup>
    <ClCompile Include="main.cpp">
      <Filter>Source Files</Filter>
    </ClCompile>
    <ClCompile Include="include\Demo\Tile.cpp">
      <Filter>Source Files</Filter>
    </ClCompile>
    <ClCompile Include="Scenes\Demo\DemoScene.cpp">
      <Filter>Source Files</Filter>
    </ClCompile>
    <ClCompile Include="PlayerS.cpp">
      <Filter>Bullet Hell</Filter>
    </ClCompile>
    <ClCompile Include="BulletHellSceneS.cpp">
      <Filter>Bullet Hell</Filter>
    </ClCompile>
    <ClCompile Include="BulletS.cpp">
      <Filter>Bullet Hell</Filter>
    </ClCompile>
    <ClCompile Include="TowerDefenseScene.cpp">
      <Filter>Tower Defence</Filter>
    </ClCompile>
    <ClCompile Include="GridRenderer.cpp">
      <Filter>Tower Defence</Filter>
    </ClCompile>
    <ClCompile Include="CellType.cpp">
      <Filter>Tower Defence</Filter>
    </ClCompile>
    <ClCompile Include="ButtonComponent.cpp">
      <Filter>Source Files</Filter>
    </ClCompile>
    <ClCompile Include="MenuScene.cpp">
      <Filter>Source Files</Filter>
    </ClCompile>
  </ItemGroup>
  <ItemGroup>
    <ClInclude Include="include\Demo\Player.h">
      <Filter>Header Files</Filter>
    </ClInclude>
    <ClInclude Include="include\Demo\Tile.h">
      <Filter>Header Files</Filter>
    </ClInclude>
    <ClInclude Include="Scenes\Demo\DemoScene.h">
      <Filter>Header Files</Filter>
    </ClInclude>
    <ClInclude Include="PlayerS.h">
      <Filter>Bullet Hell</Filter>
    </ClInclude>
    <ClInclude Include="BulletS.h">
      <Filter>Bullet Hell</Filter>
    </ClInclude>
    <ClInclude Include="BulletHellSceneS.h">
      <Filter>Bullet Hell</Filter>
    </ClInclude>
    <ClInclude Include="GridRenderer.h">
      <Filter>Tower Defence</Filter>
    </ClInclude>
    <ClInclude Include="CellType.h">
      <Filter>Tower Defence</Filter>
    </ClInclude>
    <ClInclude Include="TowerDefenseScene.h">
      <Filter>Tower Defence</Filter>
    </ClInclude>
    <ClInclude Include="ButtonComponent.h">
      <Filter>Header Files</Filter>
    </ClInclude>
    <ClInclude Include="MenuScene.h">
      <Filter>Header Files</Filter>
    </ClInclude>
  </ItemGroup>
</Project>